// !$*UTF8*$!
{
	archiveVersion = 1;
	classes = {
	};
	objectVersion = 56;
	objects = {

/* Begin PBXBuildFile section */
		3F5F45BE2B863BEF00586302 /* swiftApp.swift in Sources */ = {isa = PBXBuildFile; fileRef = 3F5F45BD2B863BEF00586302 /* swiftApp.swift */; };
		3F5F45C02B863BEF00586302 /* ContentView.swift in Sources */ = {isa = PBXBuildFile; fileRef = 3F5F45BF2B863BEF00586302 /* ContentView.swift */; };
		3F5F45C22B863BF100586302 /* Assets.xcassets in Resources */ = {isa = PBXBuildFile; fileRef = 3F5F45C12B863BF100586302 /* Assets.xcassets */; };
		3F5F45C52B863BF100586302 /* Preview Assets.xcassets in Resources */ = {isa = PBXBuildFile; fileRef = 3F5F45C42B863BF100586302 /* Preview Assets.xcassets */; };
		3F5F45CF2B863BF200586302 /* swiftTests.swift in Sources */ = {isa = PBXBuildFile; fileRef = 3F5F45CE2B863BF200586302 /* swiftTests.swift */; };
		3F5F45D92B863BF200586302 /* swiftUITests.swift in Sources */ = {isa = PBXBuildFile; fileRef = 3F5F45D82B863BF200586302 /* swiftUITests.swift */; };
		3F5F45DB2B863BF200586302 /* swiftUITestsLaunchTests.swift in Sources */ = {isa = PBXBuildFile; fileRef = 3F5F45DA2B863BF200586302 /* swiftUITestsLaunchTests.swift */; };
		3F5F45E82B863C4300586302 /* ImageWorkshop.swift in Sources */ = {isa = PBXBuildFile; fileRef = 3F5F45E72B863C4300586302 /* ImageWorkshop.swift */; };
		3F5F45EC2B863E2300586302 /* ShapeWorkshop.swift in Sources */ = {isa = PBXBuildFile; fileRef = 3F5F45E92B863CBA00586302 /* ShapeWorkshop.swift */; };
		3F5F45EE2B863E7300586302 /* BackgroundAndOverlayWorkshop.swift in Sources */ = {isa = PBXBuildFile; fileRef = 3F5F45ED2B863E7300586302 /* BackgroundAndOverlayWorkshop.swift */; };
		3F5F45F02B8642F500586302 /* ex01.swift in Sources */ = {isa = PBXBuildFile; fileRef = 3F5F45EF2B8642F500586302 /* ex01.swift */; };
		3F5F45F22B864B7900586302 /* StackWorkshop.swift in Sources */ = {isa = PBXBuildFile; fileRef = 3F5F45F12B864B7900586302 /* StackWorkshop.swift */; };
		3F5F45F42B864D6500586302 /* ScrollWorkshop.swift in Sources */ = {isa = PBXBuildFile; fileRef = 3F5F45F32B864D6500586302 /* ScrollWorkshop.swift */; };
		3F5F45F62B8650AD00586302 /* StateWorkshop.swift in Sources */ = {isa = PBXBuildFile; fileRef = 3F5F45F52B8650AD00586302 /* StateWorkshop.swift */; };
		3F5F45F82B86562B00586302 /* NetworkingWorkshop.swift in Sources */ = {isa = PBXBuildFile; fileRef = 3F5F45F72B86562B00586302 /* NetworkingWorkshop.swift */; };
/* End PBXBuildFile section */

/* Begin PBXContainerItemProxy section */
		3F5F45CB2B863BF200586302 /* PBXContainerItemProxy */ = {
			isa = PBXContainerItemProxy;
			containerPortal = 3F5F45B22B863BEF00586302 /* Project object */;
			proxyType = 1;
			remoteGlobalIDString = 3F5F45B92B863BEF00586302;
			remoteInfo = swift;
		};
		3F5F45D52B863BF200586302 /* PBXContainerItemProxy */ = {
			isa = PBXContainerItemProxy;
			containerPortal = 3F5F45B22B863BEF00586302 /* Project object */;
			proxyType = 1;
			remoteGlobalIDString = 3F5F45B92B863BEF00586302;
			remoteInfo = swift;
		};
/* End PBXContainerItemProxy section */

/* Begin PBXFileReference section */
		3F5F45BA2B863BEF00586302 /* swift.app */ = {isa = PBXFileReference; explicitFileType = wrapper.application; includeInIndex = 0; path = swift.app; sourceTree = BUILT_PRODUCTS_DIR; };
		3F5F45BD2B863BEF00586302 /* swiftApp.swift */ = {isa = PBXFileReference; lastKnownFileType = sourcecode.swift; path = swiftApp.swift; sourceTree = "<group>"; };
		3F5F45BF2B863BEF00586302 /* ContentView.swift */ = {isa = PBXFileReference; lastKnownFileType = sourcecode.swift; path = ContentView.swift; sourceTree = "<group>"; };
		3F5F45C12B863BF100586302 /* Assets.xcassets */ = {isa = PBXFileReference; lastKnownFileType = folder.assetcatalog; path = Assets.xcassets; sourceTree = "<group>"; };
		3F5F45C42B863BF100586302 /* Preview Assets.xcassets */ = {isa = PBXFileReference; lastKnownFileType = folder.assetcatalog; path = "Preview Assets.xcassets"; sourceTree = "<group>"; };
		3F5F45CA2B863BF200586302 /* swiftTests.xctest */ = {isa = PBXFileReference; explicitFileType = wrapper.cfbundle; includeInIndex = 0; path = swiftTests.xctest; sourceTree = BUILT_PRODUCTS_DIR; };
		3F5F45CE2B863BF200586302 /* swiftTests.swift */ = {isa = PBXFileReference; lastKnownFileType = sourcecode.swift; path = swiftTests.swift; sourceTree = "<group>"; };
		3F5F45D42B863BF200586302 /* swiftUITests.xctest */ = {isa = PBXFileReference; explicitFileType = wrapper.cfbundle; includeInIndex = 0; path = swiftUITests.xctest; sourceTree = BUILT_PRODUCTS_DIR; };
		3F5F45D82B863BF200586302 /* swiftUITests.swift */ = {isa = PBXFileReference; lastKnownFileType = sourcecode.swift; path = swiftUITests.swift; sourceTree = "<group>"; };
		3F5F45DA2B863BF200586302 /* swiftUITestsLaunchTests.swift */ = {isa = PBXFileReference; lastKnownFileType = sourcecode.swift; path = swiftUITestsLaunchTests.swift; sourceTree = "<group>"; };
		3F5F45E72B863C4300586302 /* ImageWorkshop.swift */ = {isa = PBXFileReference; lastKnownFileType = sourcecode.swift; path = ImageWorkshop.swift; sourceTree = "<group>"; };
		3F5F45E92B863CBA00586302 /* ShapeWorkshop.swift */ = {isa = PBXFileReference; lastKnownFileType = sourcecode.swift; path = ShapeWorkshop.swift; sourceTree = "<group>"; };
		3F5F45ED2B863E7300586302 /* BackgroundAndOverlayWorkshop.swift */ = {isa = PBXFileReference; lastKnownFileType = sourcecode.swift; path = BackgroundAndOverlayWorkshop.swift; sourceTree = "<group>"; };
		3F5F45EF2B8642F500586302 /* ex01.swift */ = {isa = PBXFileReference; lastKnownFileType = sourcecode.swift; path = ex01.swift; sourceTree = "<group>"; };
		3F5F45F12B864B7900586302 /* StackWorkshop.swift */ = {isa = PBXFileReference; lastKnownFileType = sourcecode.swift; path = StackWorkshop.swift; sourceTree = "<group>"; };
		3F5F45F32B864D6500586302 /* ScrollWorkshop.swift */ = {isa = PBXFileReference; lastKnownFileType = sourcecode.swift; path = ScrollWorkshop.swift; sourceTree = "<group>"; };
		3F5F45F52B8650AD00586302 /* StateWorkshop.swift */ = {isa = PBXFileReference; lastKnownFileType = sourcecode.swift; path = StateWorkshop.swift; sourceTree = "<group>"; };
		3F5F45F72B86562B00586302 /* NetworkingWorkshop.swift */ = {isa = PBXFileReference; lastKnownFileType = sourcecode.swift; path = NetworkingWorkshop.swift; sourceTree = "<group>"; };
/* End PBXFileReference section */

/* Begin PBXFrameworksBuildPhase section */
		3F5F45B72B863BEF00586302 /* Frameworks */ = {
			isa = PBXFrameworksBuildPhase;
			buildActionMask = 2147483647;
			files = (
			);
			runOnlyForDeploymentPostprocessing = 0;
		};
		3F5F45C72B863BF200586302 /* Frameworks */ = {
			isa = PBXFrameworksBuildPhase;
			buildActionMask = 2147483647;
			files = (
			);
			runOnlyForDeploymentPostprocessing = 0;
		};
		3F5F45D12B863BF200586302 /* Frameworks */ = {
			isa = PBXFrameworksBuildPhase;
			buildActionMask = 2147483647;
			files = (
			);
			runOnlyForDeploymentPostprocessing = 0;
		};
/* End PBXFrameworksBuildPhase section */

/* Begin PBXGroup section */
		3F5F45B12B863BEF00586302 = {
			isa = PBXGroup;
			children = (
				3F5F45F72B86562B00586302 /* NetworkingWorkshop.swift */,
				3F5F45F52B8650AD00586302 /* StateWorkshop.swift */,
				3F5F45BC2B863BEF00586302 /* swift */,
				3F5F45D72B863BF200586302 /* swiftUITests */,
				3F5F45BB2B863BEF00586302 /* Products */,
			);
			sourceTree = "<group>";
		};
		3F5F45BB2B863BEF00586302 /* Products */ = {
			isa = PBXGroup;
			children = (
				3F5F45BA2B863BEF00586302 /* swift.app */,
				3F5F45CA2B863BF200586302 /* swiftTests.xctest */,
				3F5F45D42B863BF200586302 /* swiftUITests.xctest */,
			);
			name = Products;
			sourceTree = "<group>";
		};
		3F5F45BC2B863BEF00586302 /* swift */ = {
			isa = PBXGroup;
			children = (
				3F5F45BD2B863BEF00586302 /* swiftApp.swift */,
				3F5F45BF2B863BEF00586302 /* ContentView.swift */,
				3F5F45C12B863BF100586302 /* Assets.xcassets */,
				3F5F45C42B863BF100586302 /* Preview Assets.xcassets */,
				3F5F45E72B863C4300586302 /* ImageWorkshop.swift */,
				3F5F45E92B863CBA00586302 /* ShapeWorkshop.swift */,
				3F5F45C32B863BF100586302 /* Preview Content */,
				3F5F45ED2B863E7300586302 /* BackgroundAndOverlayWorkshop.swift */,
				3F5F45EF2B8642F500586302 /* ex01.swift */,
				3F5F45F12B864B7900586302 /* StackWorkshop.swift */,
				3F5F45F32B864D6500586302 /* ScrollWorkshop.swift */,
			);
			path = swift;
			sourceTree = "<group>";
		};
		3F5F45C32B863BF100586302 /* Preview Content */ = {
			isa = PBXGroup;
			children = (
			);
			path = "Preview Content";
			sourceTree = "<group>";
		};
		3F5F45CD2B863BF200586302 /* swiftTests */ = {
			isa = PBXGroup;
			children = (
				3F5F45CE2B863BF200586302 /* swiftTests.swift */,
			);
			path = swiftTests;
			sourceTree = "<group>";
		};
		3F5F45D72B863BF200586302 /* swiftUITests */ = {
			isa = PBXGroup;
			children = (
				3F5F45D82B863BF200586302 /* swiftUITests.swift */,
				3F5F45DA2B863BF200586302 /* swiftUITestsLaunchTests.swift */,
				3F5F45CD2B863BF200586302 /* swiftTests */,
			);
			path = swiftUITests;
			sourceTree = "<group>";
		};
/* End PBXGroup section */

/* Begin PBXNativeTarget section */
		3F5F45B92B863BEF00586302 /* swift */ = {
			isa = PBXNativeTarget;
			buildConfigurationList = 3F5F45DE2B863BF200586302 /* Build configuration list for PBXNativeTarget "swift" */;
			buildPhases = (
				3F5F45B62B863BEF00586302 /* Sources */,
				3F5F45B72B863BEF00586302 /* Frameworks */,
				3F5F45B82B863BEF00586302 /* Resources */,
			);
			buildRules = (
			);
			dependencies = (
			);
			name = swift;
			productName = swift;
			productReference = 3F5F45BA2B863BEF00586302 /* swift.app */;
			productType = "com.apple.product-type.application";
		};
		3F5F45C92B863BF200586302 /* swiftTests */ = {
			isa = PBXNativeTarget;
			buildConfigurationList = 3F5F45E12B863BF200586302 /* Build configuration list for PBXNativeTarget "swiftTests" */;
			buildPhases = (
				3F5F45C62B863BF200586302 /* Sources */,
				3F5F45C72B863BF200586302 /* Frameworks */,
				3F5F45C82B863BF200586302 /* Resources */,
			);
			buildRules = (
			);
			dependencies = (
				3F5F45CC2B863BF200586302 /* PBXTargetDependency */,
			);
			name = swiftTests;
			productName = swiftTests;
			productReference = 3F5F45CA2B863BF200586302 /* swiftTests.xctest */;
			productType = "com.apple.product-type.bundle.unit-test";
		};
		3F5F45D32B863BF200586302 /* swiftUITests */ = {
			isa = PBXNativeTarget;
			buildConfigurationList = 3F5F45E42B863BF200586302 /* Build configuration list for PBXNativeTarget "swiftUITests" */;
			buildPhases = (
				3F5F45D02B863BF200586302 /* Sources */,
				3F5F45D12B863BF200586302 /* Frameworks */,
				3F5F45D22B863BF200586302 /* Resources */,
			);
			buildRules = (
			);
			dependencies = (
				3F5F45D62B863BF200586302 /* PBXTargetDependency */,
			);
			name = swiftUITests;
			productName = swiftUITests;
			productReference = 3F5F45D42B863BF200586302 /* swiftUITests.xctest */;
			productType = "com.apple.product-type.bundle.ui-testing";
		};
/* End PBXNativeTarget section */

/* Begin PBXProject section */
		3F5F45B22B863BEF00586302 /* Project object */ = {
			isa = PBXProject;
			attributes = {
				BuildIndependentTargetsInParallel = 1;
				LastSwiftUpdateCheck = 1520;
				LastUpgradeCheck = 1520;
				TargetAttributes = {
					3F5F45B92B863BEF00586302 = {
						CreatedOnToolsVersion = 15.2;
					};
					3F5F45C92B863BF200586302 = {
						CreatedOnToolsVersion = 15.2;
						TestTargetID = 3F5F45B92B863BEF00586302;
					};
					3F5F45D32B863BF200586302 = {
						CreatedOnToolsVersion = 15.2;
						TestTargetID = 3F5F45B92B863BEF00586302;
					};
				};
			};
			buildConfigurationList = 3F5F45B52B863BEF00586302 /* Build configuration list for PBXProject "swift" */;
			compatibilityVersion = "Xcode 14.0";
			developmentRegion = en;
			hasScannedForEncodings = 0;
			knownRegions = (
				en,
				Base,
			);
			mainGroup = 3F5F45B12B863BEF00586302;
			productRefGroup = 3F5F45BB2B863BEF00586302 /* Products */;
			projectDirPath = "";
			projectRoot = "";
			targets = (
				3F5F45B92B863BEF00586302 /* swift */,
				3F5F45C92B863BF200586302 /* swiftTests */,
				3F5F45D32B863BF200586302 /* swiftUITests */,
			);
		};
/* End PBXProject section */

/* Begin PBXResourcesBuildPhase section */
		3F5F45B82B863BEF00586302 /* Resources */ = {
			isa = PBXResourcesBuildPhase;
			buildActionMask = 2147483647;
			files = (
				3F5F45C52B863BF100586302 /* Preview Assets.xcassets in Resources */,
				3F5F45C22B863BF100586302 /* Assets.xcassets in Resources */,
			);
			runOnlyForDeploymentPostprocessing = 0;
		};
		3F5F45C82B863BF200586302 /* Resources */ = {
			isa = PBXResourcesBuildPhase;
			buildActionMask = 2147483647;
			files = (
			);
			runOnlyForDeploymentPostprocessing = 0;
		};
		3F5F45D22B863BF200586302 /* Resources */ = {
			isa = PBXResourcesBuildPhase;
			buildActionMask = 2147483647;
			files = (
			);
			runOnlyForDeploymentPostprocessing = 0;
		};
/* End PBXResourcesBuildPhase section */

/* Begin PBXSourcesBuildPhase section */
		3F5F45B62B863BEF00586302 /* Sources */ = {
			isa = PBXSourcesBuildPhase;
			buildActionMask = 2147483647;
			files = (
				3F5F45F82B86562B00586302 /* NetworkingWorkshop.swift in Sources */,
				3F5F45EC2B863E2300586302 /* ShapeWorkshop.swift in Sources */,
				3F5F45C02B863BEF00586302 /* ContentView.swift in Sources */,
				3F5F45E82B863C4300586302 /* ImageWorkshop.swift in Sources */,
				3F5F45F42B864D6500586302 /* ScrollWorkshop.swift in Sources */,
				3F5F45BE2B863BEF00586302 /* swiftApp.swift in Sources */,
				3F5F45F62B8650AD00586302 /* StateWorkshop.swift in Sources */,
				3F5F45F22B864B7900586302 /* StackWorkshop.swift in Sources */,
				3F5F45EE2B863E7300586302 /* BackgroundAndOverlayWorkshop.swift in Sources */,
				3F5F45F02B8642F500586302 /* ex01.swift in Sources */,
			);
			runOnlyForDeploymentPostprocessing = 0;
		};
		3F5F45C62B863BF200586302 /* Sources */ = {
			isa = PBXSourcesBuildPhase;
			buildActionMask = 2147483647;
			files = (
				3F5F45CF2B863BF200586302 /* swiftTests.swift in Sources */,
			);
			runOnlyForDeploymentPostprocessing = 0;
		};
		3F5F45D02B863BF200586302 /* Sources */ = {
			isa = PBXSourcesBuildPhase;
			buildActionMask = 2147483647;
			files = (
				3F5F45DB2B863BF200586302 /* swiftUITestsLaunchTests.swift in Sources */,
				3F5F45D92B863BF200586302 /* swiftUITests.swift in Sources */,
			);
			runOnlyForDeploymentPostprocessing = 0;
		};
/* End PBXSourcesBuildPhase section */

/* Begin PBXTargetDependency section */
		3F5F45CC2B863BF200586302 /* PBXTargetDependency */ = {
			isa = PBXTargetDependency;
			target = 3F5F45B92B863BEF00586302 /* swift */;
			targetProxy = 3F5F45CB2B863BF200586302 /* PBXContainerItemProxy */;
		};
		3F5F45D62B863BF200586302 /* PBXTargetDependency */ = {
			isa = PBXTargetDependency;
			target = 3F5F45B92B863BEF00586302 /* swift */;
			targetProxy = 3F5F45D52B863BF200586302 /* PBXContainerItemProxy */;
		};
/* End PBXTargetDependency section */

/* Begin XCBuildConfiguration section */
		3F5F45DC2B863BF200586302 /* Debug */ = {
			isa = XCBuildConfiguration;
			buildSettings = {
				ALWAYS_SEARCH_USER_PATHS = NO;
				ASSETCATALOG_COMPILER_GENERATE_SWIFT_ASSET_SYMBOL_EXTENSIONS = YES;
				CLANG_ANALYZER_NONNULL = YES;
				CLANG_ANALYZER_NUMBER_OBJECT_CONVERSION = YES_AGGRESSIVE;
				CLANG_CXX_LANGUAGE_STANDARD = "gnu++20";
				CLANG_ENABLE_MODULES = YES;
				CLANG_ENABLE_OBJC_ARC = YES;
				CLANG_ENABLE_OBJC_WEAK = YES;
				CLANG_WARN_BLOCK_CAPTURE_AUTORELEASING = YES;
				CLANG_WARN_BOOL_CONVERSION = YES;
				CLANG_WARN_COMMA = YES;
				CLANG_WARN_CONSTANT_CONVERSION = YES;
				CLANG_WARN_DEPRECATED_OBJC_IMPLEMENTATIONS = YES;
				CLANG_WARN_DIRECT_OBJC_ISA_USAGE = YES_ERROR;
				CLANG_WARN_DOCUMENTATION_COMMENTS = YES;
				CLANG_WARN_EMPTY_BODY = YES;
				CLANG_WARN_ENUM_CONVERSION = YES;
				CLANG_WARN_INFINITE_RECURSION = YES;
				CLANG_WARN_INT_CONVERSION = YES;
				CLANG_WARN_NON_LITERAL_NULL_CONVERSION = YES;
				CLANG_WARN_OBJC_IMPLICIT_RETAIN_SELF = YES;
				CLANG_WARN_OBJC_LITERAL_CONVERSION = YES;
				CLANG_WARN_OBJC_ROOT_CLASS = YES_ERROR;
				CLANG_WARN_QUOTED_INCLUDE_IN_FRAMEWORK_HEADER = YES;
				CLANG_WARN_RANGE_LOOP_ANALYSIS = YES;
				CLANG_WARN_STRICT_PROTOTYPES = YES;
				CLANG_WARN_SUSPICIOUS_MOVE = YES;
				CLANG_WARN_UNGUARDED_AVAILABILITY = YES_AGGRESSIVE;
				CLANG_WARN_UNREACHABLE_CODE = YES;
				CLANG_WARN__DUPLICATE_METHOD_MATCH = YES;
				COPY_PHASE_STRIP = NO;
				DEBUG_INFORMATION_FORMAT = dwarf;
				ENABLE_STRICT_OBJC_MSGSEND = YES;
				ENABLE_TESTABILITY = YES;
				ENABLE_USER_SCRIPT_SANDBOXING = YES;
				GCC_C_LANGUAGE_STANDARD = gnu17;
				GCC_DYNAMIC_NO_PIC = NO;
				GCC_NO_COMMON_BLOCKS = YES;
				GCC_OPTIMIZATION_LEVEL = 0;
				GCC_PREPROCESSOR_DEFINITIONS = (
					"DEBUG=1",
					"$(inherited)",
				);
				GCC_WARN_64_TO_32_BIT_CONVERSION = YES;
				GCC_WARN_ABOUT_RETURN_TYPE = YES_ERROR;
				GCC_WARN_UNDECLARED_SELECTOR = YES;
				GCC_WARN_UNINITIALIZED_AUTOS = YES_AGGRESSIVE;
				GCC_WARN_UNUSED_FUNCTION = YES;
				GCC_WARN_UNUSED_VARIABLE = YES;
				IPHONEOS_DEPLOYMENT_TARGET = 17.2;
				LOCALIZATION_PREFERS_STRING_CATALOGS = YES;
				MTL_ENABLE_DEBUG_INFO = INCLUDE_SOURCE;
				MTL_FAST_MATH = YES;
				ONLY_ACTIVE_ARCH = YES;
				SDKROOT = iphoneos;
				SWIFT_ACTIVE_COMPILATION_CONDITIONS = "DEBUG $(inherited)";
				SWIFT_OPTIMIZATION_LEVEL = "-Onone";
			};
			name = Debug;
		};
		3F5F45DD2B863BF200586302 /* Release */ = {
			isa = XCBuildConfiguration;
			buildSettings = {
				ALWAYS_SEARCH_USER_PATHS = NO;
				ASSETCATALOG_COMPILER_GENERATE_SWIFT_ASSET_SYMBOL_EXTENSIONS = YES;
				CLANG_ANALYZER_NONNULL = YES;
				CLANG_ANALYZER_NUMBER_OBJECT_CONVERSION = YES_AGGRESSIVE;
				CLANG_CXX_LANGUAGE_STANDARD = "gnu++20";
				CLANG_ENABLE_MODULES = YES;
				CLANG_ENABLE_OBJC_ARC = YES;
				CLANG_ENABLE_OBJC_WEAK = YES;
				CLANG_WARN_BLOCK_CAPTURE_AUTORELEASING = YES;
				CLANG_WARN_BOOL_CONVERSION = YES;
				CLANG_WARN_COMMA = YES;
				CLANG_WARN_CONSTANT_CONVERSION = YES;
				CLANG_WARN_DEPRECATED_OBJC_IMPLEMENTATIONS = YES;
				CLANG_WARN_DIRECT_OBJC_ISA_USAGE = YES_ERROR;
				CLANG_WARN_DOCUMENTATION_COMMENTS = YES;
				CLANG_WARN_EMPTY_BODY = YES;
				CLANG_WARN_ENUM_CONVERSION = YES;
				CLANG_WARN_INFINITE_RECURSION = YES;
				CLANG_WARN_INT_CONVERSION = YES;
				CLANG_WARN_NON_LITERAL_NULL_CONVERSION = YES;
				CLANG_WARN_OBJC_IMPLICIT_RETAIN_SELF = YES;
				CLANG_WARN_OBJC_LITERAL_CONVERSION = YES;
				CLANG_WARN_OBJC_ROOT_CLASS = YES_ERROR;
				CLANG_WARN_QUOTED_INCLUDE_IN_FRAMEWORK_HEADER = YES;
				CLANG_WARN_RANGE_LOOP_ANALYSIS = YES;
				CLANG_WARN_STRICT_PROTOTYPES = YES;
				CLANG_WARN_SUSPICIOUS_MOVE = YES;
				CLANG_WARN_UNGUARDED_AVAILABILITY = YES_AGGRESSIVE;
				CLANG_WARN_UNREACHABLE_CODE = YES;
				CLANG_WARN__DUPLICATE_METHOD_MATCH = YES;
				COPY_PHASE_STRIP = NO;
				DEBUG_INFORMATION_FORMAT = "dwarf-with-dsym";
				ENABLE_NS_ASSERTIONS = NO;
				ENABLE_STRICT_OBJC_MSGSEND = YES;
				ENABLE_USER_SCRIPT_SANDBOXING = YES;
				GCC_C_LANGUAGE_STANDARD = gnu17;
				GCC_NO_COMMON_BLOCKS = YES;
				GCC_WARN_64_TO_32_BIT_CONVERSION = YES;
				GCC_WARN_ABOUT_RETURN_TYPE = YES_ERROR;
				GCC_WARN_UNDECLARED_SELECTOR = YES;
				GCC_WARN_UNINITIALIZED_AUTOS = YES_AGGRESSIVE;
				GCC_WARN_UNUSED_FUNCTION = YES;
				GCC_WARN_UNUSED_VARIABLE = YES;
				IPHONEOS_DEPLOYMENT_TARGET = 17.2;
				LOCALIZATION_PREFERS_STRING_CATALOGS = YES;
				MTL_ENABLE_DEBUG_INFO = NO;
				MTL_FAST_MATH = YES;
				SDKROOT = iphoneos;
				SWIFT_COMPILATION_MODE = wholemodule;
				VALIDATE_PRODUCT = YES;
			};
			name = Release;
		};
		3F5F45DF2B863BF200586302 /* Debug */ = {
			isa = XCBuildConfiguration;
			buildSettings = {
				ASSETCATALOG_COMPILER_APPICON_NAME = AppIcon;
				ASSETCATALOG_COMPILER_GLOBAL_ACCENT_COLOR_NAME = AccentColor;
				CODE_SIGN_STYLE = Automatic;
				CURRENT_PROJECT_VERSION = 1;
				DEVELOPMENT_ASSET_PATHS = "\"swift/Preview Content\"";
				ENABLE_PREVIEWS = YES;
				GENERATE_INFOPLIST_FILE = YES;
				INFOPLIST_KEY_UIApplicationSceneManifest_Generation = YES;
				INFOPLIST_KEY_UIApplicationSupportsIndirectInputEvents = YES;
				INFOPLIST_KEY_UILaunchScreen_Generation = YES;
				INFOPLIST_KEY_UISupportedInterfaceOrientations_iPad = "UIInterfaceOrientationPortrait UIInterfaceOrientationPortraitUpsideDown UIInterfaceOrientationLandscapeLeft UIInterfaceOrientationLandscapeRight";
				INFOPLIST_KEY_UISupportedInterfaceOrientations_iPhone = "UIInterfaceOrientationPortrait UIInterfaceOrientationLandscapeLeft UIInterfaceOrientationLandscapeRight";
				LD_RUNPATH_SEARCH_PATHS = (
					"$(inherited)",
					"@executable_path/Frameworks",
				);
				MARKETING_VERSION = 1.0;
				PRODUCT_BUNDLE_IDENTIFIER = trosinski.swift;
				PRODUCT_NAME = "$(TARGET_NAME)";
				SWIFT_EMIT_LOC_STRINGS = YES;
				SWIFT_VERSION = 5.0;
				TARGETED_DEVICE_FAMILY = "1,2";
			};
			name = Debug;
		};
		3F5F45E02B863BF200586302 /* Release */ = {
			isa = XCBuildConfiguration;
			buildSettings = {
				ASSETCATALOG_COMPILER_APPICON_NAME = AppIcon;
				ASSETCATALOG_COMPILER_GLOBAL_ACCENT_COLOR_NAME = AccentColor;
				CODE_SIGN_STYLE = Automatic;
				CURRENT_PROJECT_VERSION = 1;
				DEVELOPMENT_ASSET_PATHS = "\"swift/Preview Content\"";
				ENABLE_PREVIEWS = YES;
				GENERATE_INFOPLIST_FILE = YES;
				INFOPLIST_KEY_UIApplicationSceneManifest_Generation = YES;
				INFOPLIST_KEY_UIApplicationSupportsIndirectInputEvents = YES;
				INFOPLIST_KEY_UILaunchScreen_Generation = YES;
				INFOPLIST_KEY_UISupportedInterfaceOrientations_iPad = "UIInterfaceOrientationPortrait UIInterfaceOrientationPortraitUpsideDown UIInterfaceOrientationLandscapeLeft UIInterfaceOrientationLandscapeRight";
				INFOPLIST_KEY_UISupportedInterfaceOrientations_iPhone = "UIInterfaceOrientationPortrait UIInterfaceOrientationLandscapeLeft UIInterfaceOrientationLandscapeRight";
				LD_RUNPATH_SEARCH_PATHS = (
					"$(inherited)",
					"@executable_path/Frameworks",
				);
				MARKETING_VERSION = 1.0;
				PRODUCT_BUNDLE_IDENTIFIER = trosinski.swift;
				PRODUCT_NAME = "$(TARGET_NAME)";
				SWIFT_EMIT_LOC_STRINGS = YES;
				SWIFT_VERSION = 5.0;
				TARGETED_DEVICE_FAMILY = "1,2";
			};
			name = Release;
		};
		3F5F45E22B863BF200586302 /* Debug */ = {
			isa = XCBuildConfiguration;
			buildSettings = {
				ALWAYS_EMBED_SWIFT_STANDARD_LIBRARIES = YES;
				BUNDLE_LOADER = "$(TEST_HOST)";
				CODE_SIGN_STYLE = Automatic;
				CURRENT_PROJECT_VERSION = 1;
				GENERATE_INFOPLIST_FILE = YES;
				IPHONEOS_DEPLOYMENT_TARGET = 17.2;
				MARKETING_VERSION = 1.0;
				PRODUCT_BUNDLE_IDENTIFIER = trosinski.swiftTests;
				PRODUCT_NAME = "$(TARGET_NAME)";
				SWIFT_EMIT_LOC_STRINGS = NO;
				SWIFT_VERSION = 5.0;
				TARGETED_DEVICE_FAMILY = "1,2";
				TEST_HOST = "$(BUILT_PRODUCTS_DIR)/swift.app/$(BUNDLE_EXECUTABLE_FOLDER_PATH)/swift";
			};
			name = Debug;
		};
		3F5F45E32B863BF200586302 /* Release */ = {
			isa = XCBuildConfiguration;
			buildSettings = {
				ALWAYS_EMBED_SWIFT_STANDARD_LIBRARIES = YES;
				BUNDLE_LOADER = "$(TEST_HOST)";
				CODE_SIGN_STYLE = Automatic;
				CURRENT_PROJECT_VERSION = 1;
				GENERATE_INFOPLIST_FILE = YES;
				IPHONEOS_DEPLOYMENT_TARGET = 17.2;
				MARKETING_VERSION = 1.0;
				PRODUCT_BUNDLE_IDENTIFIER = trosinski.swiftTests;
				PRODUCT_NAME = "$(TARGET_NAME)";
				SWIFT_EMIT_LOC_STRINGS = NO;
				SWIFT_VERSION = 5.0;
				TARGETED_DEVICE_FAMILY = "1,2";
				TEST_HOST = "$(BUILT_PRODUCTS_DIR)/swift.app/$(BUNDLE_EXECUTABLE_FOLDER_PATH)/swift";
			};
			name = Release;
		};
		3F5F45E52B863BF200586302 /* Debug */ = {
			isa = XCBuildConfiguration;
			buildSettings = {
				ALWAYS_EMBED_SWIFT_STANDARD_LIBRARIES = YES;
				CODE_SIGN_STYLE = Automatic;
				CURRENT_PROJECT_VERSION = 1;
				GENERATE_INFOPLIST_FILE = YES;
				MARKETING_VERSION = 1.0;
				PRODUCT_BUNDLE_IDENTIFIER = trosinski.swiftUITests;
				PRODUCT_NAME = "$(TARGET_NAME)";
				SWIFT_EMIT_LOC_STRINGS = NO;
				SWIFT_VERSION = 5.0;
				TARGETED_DEVICE_FAMILY = "1,2";
				TEST_TARGET_NAME = swift;
			};
			name = Debug;
		};
		3F5F45E62B863BF200586302 /* Release */ = {
			isa = XCBuildConfiguration;
			buildSettings = {
				ALWAYS_EMBED_SWIFT_STANDARD_LIBRARIES = YES;
				CODE_SIGN_STYLE = Automatic;
				CURRENT_PROJECT_VERSION = 1;
				GENERATE_INFOPLIST_FILE = YES;
				MARKETING_VERSION = 1.0;
				PRODUCT_BUNDLE_IDENTIFIER = trosinski.swiftUITests;
				PRODUCT_NAME = "$(TARGET_NAME)";
				SWIFT_EMIT_LOC_STRINGS = NO;
				SWIFT_VERSION = 5.0;
				TARGETED_DEVICE_FAMILY = "1,2";
				TEST_TARGET_NAME = swift;
			};
			name = Release;
		};
/* End XCBuildConfiguration section */

/* Begin XCConfigurationList section */
		3F5F45B52B863BEF00586302 /* Build configuration list for PBXProject "swift" */ = {
			isa = XCConfigurationList;
			buildConfigurations = (
				3F5F45DC2B863BF200586302 /* Debug */,
				3F5F45DD2B863BF200586302 /* Release */,
			);
			defaultConfigurationIsVisible = 0;
			defaultConfigurationName = Release;
		};
		3F5F45DE2B863BF200586302 /* Build configuration list for PBXNativeTarget "swift" */ = {
			isa = XCConfigurationList;
			buildConfigurations = (
				3F5F45DF2B863BF200586302 /* Debug */,
				3F5F45E02B863BF200586302 /* Release */,
			);
			defaultConfigurationIsVisible = 0;
			defaultConfigurationName = Release;
		};
		3F5F45E12B863BF200586302 /* Build configuration list for PBXNativeTarget "swiftTests" */ = {
			isa = XCConfigurationList;
			buildConfigurations = (
				3F5F45E22B863BF200586302 /* Debug */,
				3F5F45E32B863BF200586302 /* Release */,
			);
			defaultConfigurationIsVisible = 0;
			defaultConfigurationName = Release;
		};
		3F5F45E42B863BF200586302 /* Build configuration list for PBXNativeTarget "swiftUITests" */ = {
			isa = XCConfigurationList;
			buildConfigurations = (
				3F5F45E52B863BF200586302 /* Debug */,
				3F5F45E62B863BF200586302 /* Release */,
			);
			defaultConfigurationIsVisible = 0;
			defaultConfigurationName = Release;
		};
/* End XCConfigurationList section */
	};
	rootObject = 3F5F45B22B863BEF00586302 /* Project object */;
}
